
Microsoft Visual Studio Solution File, Format Version 12.00
# Visual Studio Version 16
VisualStudioVersion = 16.0.29519.181
MinimumVisualStudioVersion = 10.0.40219.1
Project("{FAE04EC0-301F-11D3-BF4B-00C04F79EFBC}") = "JenkinsLearningProject", "JenkinsLearningProject.csproj", "{0592A1C9-DFDB-45E7-B8D2-BBCBCE0366BF}"
EndProject
Global
	GlobalSection(SolutionConfigurationPlatforms) = preSolution
		Debug|Any CPU = Debug|Any CPU
		Release|Any CPU = Release|Any CPU
	EndGlobalSection
	GlobalSection(ProjectConfigurationPlatforms) = postSolution
		{0592A1C9-DFDB-45E7-B8D2-BBCBCE0366BF}.Debug|Any CPU.ActiveCfg = Debug|Any CPU
		{0592A1C9-DFDB-45E7-B8D2-BBCBCE0366BF}.Debug|Any CPU.Build.0 = Debug|Any CPU
		{0592A1C9-DFDB-45E7-B8D2-BBCBCE0366BF}.Release|Any CPU.ActiveCfg = Release|Any CPU
		{0592A1C9-DFDB-45E7-B8D2-BBCBCE0366BF}.Release|Any CPU.Build.0 = Release|Any CPU
	EndGlobalSection
	GlobalSection(SolutionProperties) = preSolution
		HideSolutionNode = FALSE
	EndGlobalSection
	GlobalSection(ExtensibilityGlobals) = postSolution
		SolutionGuid = {BD040E0B-EBA1-49DE-B21D-5A486D511D74}
	EndGlobalSection
EndGlobal
